
Microsoft Visual Studio Solution File, Format Version 12.00
# Visual Studio Version 17
VisualStudioVersion = 17.5.002.0
MinimumVisualStudioVersion = 10.0.40219.1
Project("{9A19103F-16F7-4668-BE54-9A1E7A4F7556}") = "DynamoDBToS3.LambdaConsole", "DynamoDBToS3.LambdaConsole.csproj", "{4DEA0B99-FCBE-4AB2-A9F0-C9B345CDEF40}"
EndProject
Global
	GlobalSection(SolutionConfigurationPlatforms) = preSolution
		Debug|Any CPU = Debug|Any CPU
		Release|Any CPU = Release|Any CPU
	EndGlobalSection
	GlobalSection(ProjectConfigurationPlatforms) = postSolution
		{4DEA0B99-FCBE-4AB2-A9F0-C9B345CDEF40}.Debug|Any CPU.ActiveCfg = Debug|Any CPU
		{4DEA0B99-FCBE-4AB2-A9F0-C9B345CDEF40}.Debug|Any CPU.Build.0 = Debug|Any CPU
		{4DEA0B99-FCBE-4AB2-A9F0-C9B345CDEF40}.Release|Any CPU.ActiveCfg = Release|Any CPU
		{4DEA0B99-FCBE-4AB2-A9F0-C9B345CDEF40}.Release|Any CPU.Build.0 = Release|Any CPU
	EndGlobalSection
	GlobalSection(SolutionProperties) = preSolution
		HideSolutionNode = FALSE
	EndGlobalSection
	GlobalSection(ExtensibilityGlobals) = postSolution
		SolutionGuid = {FE80A3D5-E886-491E-8079-CFA5F356B1C7}
	EndGlobalSection
EndGlobal
