
Microsoft Visual Studio Solution File, Format Version 12.00
# Visual Studio Version 17
VisualStudioVersion = 17.5.002.0
MinimumVisualStudioVersion = 10.0.40219.1
Project("{9A19103F-16F7-4668-BE54-9A1E7A4F7556}") = "ExampleS3", "ExampleS3.csproj", "{A33C3256-CD18-4F8F-9E57-AC2A169D0815}"
EndProject
Global
	GlobalSection(SolutionConfigurationPlatforms) = preSolution
		Debug|Any CPU = Debug|Any CPU
		Release|Any CPU = Release|Any CPU
	EndGlobalSection
	GlobalSection(ProjectConfigurationPlatforms) = postSolution
		{A33C3256-CD18-4F8F-9E57-AC2A169D0815}.Debug|Any CPU.ActiveCfg = Debug|Any CPU
		{A33C3256-CD18-4F8F-9E57-AC2A169D0815}.Debug|Any CPU.Build.0 = Debug|Any CPU
		{A33C3256-CD18-4F8F-9E57-AC2A169D0815}.Release|Any CPU.ActiveCfg = Release|Any CPU
		{A33C3256-CD18-4F8F-9E57-AC2A169D0815}.Release|Any CPU.Build.0 = Release|Any CPU
	EndGlobalSection
	GlobalSection(SolutionProperties) = preSolution
		HideSolutionNode = FALSE
	EndGlobalSection
	GlobalSection(ExtensibilityGlobals) = postSolution
		SolutionGuid = {5309C783-7E4E-495D-8DEB-8B81521F1CF4}
	EndGlobalSection
EndGlobal
