
Microsoft Visual Studio Solution File, Format Version 12.00
# Visual Studio Version 16
VisualStudioVersion = 16.0.30114.105
MinimumVisualStudioVersion = 10.0.40219.1
Project("{FAE04EC0-301F-11D3-BF4B-00C04F79EFBC}") = "Producer", "Producer\Producer.csproj", "{CC88666A-9FCD-41FF-AAAB-58BD5627D8D8}"
EndProject
Project("{FAE04EC0-301F-11D3-BF4B-00C04F79EFBC}") = "Consumer", "Consumer\Consumer.csproj", "{964EE497-2AF3-42A2-B654-C982AA860C25}"
EndProject
Global
	GlobalSection(SolutionConfigurationPlatforms) = preSolution
		Debug|Any CPU = Debug|Any CPU
		Release|Any CPU = Release|Any CPU
	EndGlobalSection
	GlobalSection(SolutionProperties) = preSolution
		HideSolutionNode = FALSE
	EndGlobalSection
	GlobalSection(ProjectConfigurationPlatforms) = postSolution
		{CC88666A-9FCD-41FF-AAAB-58BD5627D8D8}.Debug|Any CPU.ActiveCfg = Debug|Any CPU
		{CC88666A-9FCD-41FF-AAAB-58BD5627D8D8}.Debug|Any CPU.Build.0 = Debug|Any CPU
		{CC88666A-9FCD-41FF-AAAB-58BD5627D8D8}.Release|Any CPU.ActiveCfg = Release|Any CPU
		{CC88666A-9FCD-41FF-AAAB-58BD5627D8D8}.Release|Any CPU.Build.0 = Release|Any CPU
		{964EE497-2AF3-42A2-B654-C982AA860C25}.Debug|Any CPU.ActiveCfg = Debug|Any CPU
		{964EE497-2AF3-42A2-B654-C982AA860C25}.Debug|Any CPU.Build.0 = Debug|Any CPU
		{964EE497-2AF3-42A2-B654-C982AA860C25}.Release|Any CPU.ActiveCfg = Release|Any CPU
		{964EE497-2AF3-42A2-B654-C982AA860C25}.Release|Any CPU.Build.0 = Release|Any CPU
	EndGlobalSection
EndGlobal
